// !$*UTF8*$!
{
	archiveVersion = 1;
	classes = {
	};
	objectVersion = 46;
	objects = {

/* Begin PBXBuildFile section */
		F4E27D921AC0DFFB00C4730D /* main.m in Sources */ = {isa = PBXBuildFile; fileRef = F4E27D911AC0DFFB00C4730D /* main.m */; };
		F4E27D951AC0DFFB00C4730D /* AppDelegate.m in Sources */ = {isa = PBXBuildFile; fileRef = F4E27D941AC0DFFB00C4730D /* AppDelegate.m */; };
		F4E27D9B1AC0DFFB00C4730D /* Main.storyboard in Resources */ = {isa = PBXBuildFile; fileRef = F4E27D991AC0DFFB00C4730D /* Main.storyboard */; };
		F4E27D9D1AC0DFFB00C4730D /* Images.xcassets in Resources */ = {isa = PBXBuildFile; fileRef = F4E27D9C1AC0DFFB00C4730D /* Images.xcassets */; };
		F4E27DA01AC0DFFB00C4730D /* LaunchScreen.xib in Resources */ = {isa = PBXBuildFile; fileRef = F4E27D9E1AC0DFFB00C4730D /* LaunchScreen.xib */; };
		F4E27DAC1AC0DFFC00C4730D /* dreamCatcherTests.m in Sources */ = {isa = PBXBuildFile; fileRef = F4E27DAB1AC0DFFC00C4730D /* dreamCatcherTests.m */; };
		F4E27DB71AC0E0C600C4730D /* ListViewController.m in Sources */ = {isa = PBXBuildFile; fileRef = F4E27DB61AC0E0C600C4730D /* ListViewController.m */; };
		F4F61D9A1AC1E9C9004DFCF5 /* DetailViewController.m in Sources */ = {isa = PBXBuildFile; fileRef = F4F61D991AC1E9C9004DFCF5 /* DetailViewController.m */; };
/* End PBXBuildFile section */

/* Begin PBXContainerItemProxy section */
		F4E27DA61AC0DFFC00C4730D /* PBXContainerItemProxy */ = {
			isa = PBXContainerItemProxy;
			containerPortal = F4E27D841AC0DFFB00C4730D /* Project object */;
			proxyType = 1;
			remoteGlobalIDString = F4E27D8B1AC0DFFB00C4730D;
			remoteInfo = dreamCatcher;
		};
/* End PBXContainerItemProxy section */

/* Begin PBXFileReference section */
		F4E27D8C1AC0DFFB00C4730D /* dreamCatcher.app */ = {isa = PBXFileReference; explicitFileType = wrapper.application; includeInIndex = 0; path = dreamCatcher.app; sourceTree = BUILT_PRODUCTS_DIR; };
		F4E27D901AC0DFFB00C4730D /* Info.plist */ = {isa = PBXFileReference; lastKnownFileType = text.plist.xml; path = Info.plist; sourceTree = "<group>"; };
		F4E27D911AC0DFFB00C4730D /* main.m */ = {isa = PBXFileReference; lastKnownFileType = sourcecode.c.objc; path = main.m; sourceTree = "<group>"; };
		F4E27D931AC0DFFB00C4730D /* AppDelegate.h */ = {isa = PBXFileReference; lastKnownFileType = sourcecode.c.h; path = AppDelegate.h; sourceTree = "<group>"; };
		F4E27D941AC0DFFB00C4730D /* AppDelegate.m */ = {isa = PBXFileReference; lastKnownFileType = sourcecode.c.objc; path = AppDelegate.m; sourceTree = "<group>"; };
		F4E27D9A1AC0DFFB00C4730D /* Base */ = {isa = PBXFileReference; lastKnownFileType = file.storyboard; name = Base; path = Base.lproj/Main.storyboard; sourceTree = "<group>"; };
		F4E27D9C1AC0DFFB00C4730D /* Images.xcassets */ = {isa = PBXFileReference; lastKnownFileType = folder.assetcatalog; path = Images.xcassets; sourceTree = "<group>"; };
		F4E27D9F1AC0DFFB00C4730D /* Base */ = {isa = PBXFileReference; lastKnownFileType = file.xib; name = Base; path = Base.lproj/LaunchScreen.xib; sourceTree = "<group>"; };
		F4E27DA51AC0DFFC00C4730D /* dreamCatcherTests.xctest */ = {isa = PBXFileReference; explicitFileType = wrapper.cfbundle; includeInIndex = 0; path = dreamCatcherTests.xctest; sourceTree = BUILT_PRODUCTS_DIR; };
		F4E27DAA1AC0DFFC00C4730D /* Info.plist */ = {isa = PBXFileReference; lastKnownFileType = text.plist.xml; path = Info.plist; sourceTree = "<group>"; };
		F4E27DAB1AC0DFFC00C4730D /* dreamCatcherTests.m */ = {isa = PBXFileReference; lastKnownFileType = sourcecode.c.objc; path = dreamCatcherTests.m; sourceTree = "<group>"; };
		F4E27DB51AC0E0C600C4730D /* ListViewController.h */ = {isa = PBXFileReference; fileEncoding = 4; lastKnownFileType = sourcecode.c.h; name = ListViewController.h; path = ../ListViewController.h; sourceTree = "<group>"; };
		F4E27DB61AC0E0C600C4730D /* ListViewController.m */ = {isa = PBXFileReference; fileEncoding = 4; lastKnownFileType = sourcecode.c.objc; name = ListViewController.m; path = ../ListViewController.m; sourceTree = "<group>"; };
		F4F61D981AC1E9C9004DFCF5 /* DetailViewController.h */ = {isa = PBXFileReference; fileEncoding = 4; lastKnownFileType = sourcecode.c.h; path = DetailViewController.h; sourceTree = "<group>"; };
		F4F61D991AC1E9C9004DFCF5 /* DetailViewController.m */ = {isa = PBXFileReference; fileEncoding = 4; lastKnownFileType = sourcecode.c.objc; path = DetailViewController.m; sourceTree = "<group>"; };
/* End PBXFileReference section */

/* Begin PBXFrameworksBuildPhase section */
		F4E27D891AC0DFFB00C4730D /* Frameworks */ = {
			isa = PBXFrameworksBuildPhase;
			buildActionMask = 2147483647;
			files = (
			);
			runOnlyForDeploymentPostprocessing = 0;
		};
		F4E27DA21AC0DFFC00C4730D /* Frameworks */ = {
			isa = PBXFrameworksBuildPhase;
			buildActionMask = 2147483647;
			files = (
			);
			runOnlyForDeploymentPostprocessing = 0;
		};
/* End PBXFrameworksBuildPhase section */

/* Begin PBXGroup section */
		F4E27D831AC0DFFB00C4730D = {
			isa = PBXGroup;
			children = (
				F4E27D8E1AC0DFFB00C4730D /* dreamCatcher */,
				F4E27DA81AC0DFFC00C4730D /* dreamCatcherTests */,
				F4E27D8D1AC0DFFB00C4730D /* Products */,
			);
			sourceTree = "<group>";
		};
		F4E27D8D1AC0DFFB00C4730D /* Products */ = {
			isa = PBXGroup;
			children = (
				F4E27D8C1AC0DFFB00C4730D /* dreamCatcher.app */,
				F4E27DA51AC0DFFC00C4730D /* dreamCatcherTests.xctest */,
			);
			name = Products;
			sourceTree = "<group>";
		};
		F4E27D8E1AC0DFFB00C4730D /* dreamCatcher */ = {
			isa = PBXGroup;
			children = (
				F4E27D931AC0DFFB00C4730D /* AppDelegate.h */,
				F4E27D941AC0DFFB00C4730D /* AppDelegate.m */,
				F4E27DB51AC0E0C600C4730D /* ListViewController.h */,
				F4E27DB61AC0E0C600C4730D /* ListViewController.m */,
				F4E27D991AC0DFFB00C4730D /* Main.storyboard */,
				F4F61D981AC1E9C9004DFCF5 /* DetailViewController.h */,
				F4F61D991AC1E9C9004DFCF5 /* DetailViewController.m */,
				F4E27D9C1AC0DFFB00C4730D /* Images.xcassets */,
				F4E27D9E1AC0DFFB00C4730D /* LaunchScreen.xib */,
				F4E27D8F1AC0DFFB00C4730D /* Supporting Files */,
			);
			path = dreamCatcher;
			sourceTree = "<group>";
		};
		F4E27D8F1AC0DFFB00C4730D /* Supporting Files */ = {
			isa = PBXGroup;
			children = (
				F4E27D901AC0DFFB00C4730D /* Info.plist */,
				F4E27D911AC0DFFB00C4730D /* main.m */,
			);
			name = "Supporting Files";
			sourceTree = "<group>";
		};
		F4E27DA81AC0DFFC00C4730D /* dreamCatcherTests */ = {
			isa = PBXGroup;
			children = (
				F4E27DAB1AC0DFFC00C4730D /* dreamCatcherTests.m */,
				F4E27DA91AC0DFFC00C4730D /* Supporting Files */,
			);
			path = dreamCatcherTests;
			sourceTree = "<group>";
		};
		F4E27DA91AC0DFFC00C4730D /* Supporting Files */ = {
			isa = PBXGroup;
			children = (
				F4E27DAA1AC0DFFC00C4730D /* Info.plist */,
			);
			name = "Supporting Files";
			sourceTree = "<group>";
		};
/* End PBXGroup section */

/* Begin PBXNativeTarget section */
		F4E27D8B1AC0DFFB00C4730D /* dreamCatcher */ = {
			isa = PBXNativeTarget;
			buildConfigurationList = F4E27DAF1AC0DFFC00C4730D /* Build configuration list for PBXNativeTarget "dreamCatcher" */;
			buildPhases = (
				F4E27D881AC0DFFB00C4730D /* Sources */,
				F4E27D891AC0DFFB00C4730D /* Frameworks */,
				F4E27D8A1AC0DFFB00C4730D /* Resources */,
			);
			buildRules = (
			);
			dependencies = (
			);
			name = dreamCatcher;
			productName = dreamCatcher;
			productReference = F4E27D8C1AC0DFFB00C4730D /* dreamCatcher.app */;
			productType = "com.apple.product-type.application";
		};
		F4E27DA41AC0DFFC00C4730D /* dreamCatcherTests */ = {
			isa = PBXNativeTarget;
			buildConfigurationList = F4E27DB21AC0DFFC00C4730D /* Build configuration list for PBXNativeTarget "dreamCatcherTests" */;
			buildPhases = (
				F4E27DA11AC0DFFC00C4730D /* Sources */,
				F4E27DA21AC0DFFC00C4730D /* Frameworks */,
				F4E27DA31AC0DFFC00C4730D /* Resources */,
			);
			buildRules = (
			);
			dependencies = (
				F4E27DA71AC0DFFC00C4730D /* PBXTargetDependency */,
			);
			name = dreamCatcherTests;
			productName = dreamCatcherTests;
			productReference = F4E27DA51AC0DFFC00C4730D /* dreamCatcherTests.xctest */;
			productType = "com.apple.product-type.bundle.unit-test";
		};
/* End PBXNativeTarget section */

/* Begin PBXProject section */
		F4E27D841AC0DFFB00C4730D /* Project object */ = {
			isa = PBXProject;
			attributes = {
				LastUpgradeCheck = 0620;
				ORGANIZATIONNAME = "learning, inc";
				TargetAttributes = {
					F4E27D8B1AC0DFFB00C4730D = {
						CreatedOnToolsVersion = 6.2;
					};
					F4E27DA41AC0DFFC00C4730D = {
						CreatedOnToolsVersion = 6.2;
						TestTargetID = F4E27D8B1AC0DFFB00C4730D;
					};
				};
			};
			buildConfigurationList = F4E27D871AC0DFFB00C4730D /* Build configuration list for PBXProject "dreamCatcher" */;
			compatibilityVersion = "Xcode 3.2";
			developmentRegion = English;
			hasScannedForEncodings = 0;
			knownRegions = (
				en,
				Base,
			);
			mainGroup = F4E27D831AC0DFFB00C4730D;
			productRefGroup = F4E27D8D1AC0DFFB00C4730D /* Products */;
			projectDirPath = "";
			projectRoot = "";
			targets = (
				F4E27D8B1AC0DFFB00C4730D /* dreamCatcher */,
				F4E27DA41AC0DFFC00C4730D /* dreamCatcherTests */,
			);
		};
/* End PBXProject section */

/* Begin PBXResourcesBuildPhase section */
		F4E27D8A1AC0DFFB00C4730D /* Resources */ = {
			isa = PBXResourcesBuildPhase;
			buildActionMask = 2147483647;
			files = (
				F4E27D9B1AC0DFFB00C4730D /* Main.storyboard in Resources */,
				F4E27DA01AC0DFFB00C4730D /* LaunchScreen.xib in Resources */,
				F4E27D9D1AC0DFFB00C4730D /* Images.xcassets in Resources */,
			);
			runOnlyForDeploymentPostprocessing = 0;
		};
		F4E27DA31AC0DFFC00C4730D /* Resources */ = {
			isa = PBXResourcesBuildPhase;
			buildActionMask = 2147483647;
			files = (
			);
			runOnlyForDeploymentPostprocessing = 0;
		};
/* End PBXResourcesBuildPhase section */

/* Begin PBXSourcesBuildPhase section */
		F4E27D881AC0DFFB00C4730D /* Sources */ = {
			isa = PBXSourcesBuildPhase;
			buildActionMask = 2147483647;
			files = (
				F4E27D951AC0DFFB00C4730D /* AppDelegate.m in Sources */,
				F4E27D921AC0DFFB00C4730D /* main.m in Sources */,
				F4E27DB71AC0E0C600C4730D /* ListViewController.m in Sources */,
				F4F61D9A1AC1E9C9004DFCF5 /* DetailViewController.m in Sources */,
			);
			runOnlyForDeploymentPostprocessing = 0;
		};
		F4E27DA11AC0DFFC00C4730D /* Sources */ = {
			isa = PBXSourcesBuildPhase;
			buildActionMask = 2147483647;
			files = (
				F4E27DAC1AC0DFFC00C4730D /* dreamCatcherTests.m in Sources */,
			);
			runOnlyForDeploymentPostprocessing = 0;
		};
/* End PBXSourcesBuildPhase section */

/* Begin PBXTargetDependency section */
		F4E27DA71AC0DFFC00C4730D /* PBXTargetDependency */ = {
			isa = PBXTargetDependency;
			target = F4E27D8B1AC0DFFB00C4730D /* dreamCatcher */;
			targetProxy = F4E27DA61AC0DFFC00C4730D /* PBXContainerItemProxy */;
		};
/* End PBXTargetDependency section */

/* Begin PBXVariantGroup section */
		F4E27D991AC0DFFB00C4730D /* Main.storyboard */ = {
			isa = PBXVariantGroup;
			children = (
				F4E27D9A1AC0DFFB00C4730D /* Base */,
			);
			name = Main.storyboard;
			sourceTree = "<group>";
		};
		F4E27D9E1AC0DFFB00C4730D /* LaunchScreen.xib */ = {
			isa = PBXVariantGroup;
			children = (
				F4E27D9F1AC0DFFB00C4730D /* Base */,
			);
			name = LaunchScreen.xib;
			sourceTree = "<group>";
		};
/* End PBXVariantGroup section */

/* Begin XCBuildConfiguration section */
		F4E27DAD1AC0DFFC00C4730D /* Debug */ = {
			isa = XCBuildConfiguration;
			buildSettings = {
				ALWAYS_SEARCH_USER_PATHS = NO;
				CLANG_CXX_LANGUAGE_STANDARD = "gnu++0x";
				CLANG_CXX_LIBRARY = "libc++";
				CLANG_ENABLE_MODULES = YES;
				CLANG_ENABLE_OBJC_ARC = YES;
				CLANG_WARN_BOOL_CONVERSION = YES;
				CLANG_WARN_CONSTANT_CONVERSION = YES;
				CLANG_WARN_DIRECT_OBJC_ISA_USAGE = YES_ERROR;
				CLANG_WARN_EMPTY_BODY = YES;
				CLANG_WARN_ENUM_CONVERSION = YES;
				CLANG_WARN_INT_CONVERSION = YES;
				CLANG_WARN_OBJC_ROOT_CLASS = YES_ERROR;
				CLANG_WARN_UNREACHABLE_CODE = YES;
				CLANG_WARN__DUPLICATE_METHOD_MATCH = YES;
				"CODE_SIGN_IDENTITY[sdk=iphoneos*]" = "iPhone Developer";
				COPY_PHASE_STRIP = NO;
				ENABLE_STRICT_OBJC_MSGSEND = YES;
				GCC_C_LANGUAGE_STANDARD = gnu99;
				GCC_DYNAMIC_NO_PIC = NO;
				GCC_OPTIMIZATION_LEVEL = 0;
				GCC_PREPROCESSOR_DEFINITIONS = (
					"DEBUG=1",
					"$(inherited)",
				);
				GCC_SYMBOLS_PRIVATE_EXTERN = NO;
				GCC_WARN_64_TO_32_BIT_CONVERSION = YES;
				GCC_WARN_ABOUT_RETURN_TYPE = YES_ERROR;
				GCC_WARN_UNDECLARED_SELECTOR = YES;
				GCC_WARN_UNINITIALIZED_AUTOS = YES_AGGRESSIVE;
				GCC_WARN_UNUSED_FUNCTION = YES;
				GCC_WARN_UNUSED_VARIABLE = YES;
				IPHONEOS_DEPLOYMENT_TARGET = 8.2;
				MTL_ENABLE_DEBUG_INFO = YES;
				ONLY_ACTIVE_ARCH = YES;
				SDKROOT = iphoneos;
			};
			name = Debug;
		};
		F4E27DAE1AC0DFFC00C4730D /* Release */ = {
			isa = XCBuildConfiguration;
			buildSettings = {
				ALWAYS_SEARCH_USER_PATHS = NO;
				CLANG_CXX_LANGUAGE_STANDARD = "gnu++0x";
				CLANG_CXX_LIBRARY = "libc++";
				CLANG_ENABLE_MODULES = YES;
				CLANG_ENABLE_OBJC_ARC = YES;
				CLANG_WARN_BOOL_CONVERSION = YES;
				CLANG_WARN_CONSTANT_CONVERSION = YES;
				CLANG_WARN_DIRECT_OBJC_ISA_USAGE = YES_ERROR;
				CLANG_WARN_EMPTY_BODY = YES;
				CLANG_WARN_ENUM_CONVERSION = YES;
				CLANG_WARN_INT_CONVERSION = YES;
				CLANG_WARN_OBJC_ROOT_CLASS = YES_ERROR;
				CLANG_WARN_UNREACHABLE_CODE = YES;
				CLANG_WARN__DUPLICATE_METHOD_MATCH = YES;
				"CODE_SIGN_IDENTITY[sdk=iphoneos*]" = "iPhone Developer";
				COPY_PHASE_STRIP = NO;
				ENABLE_NS_ASSERTIONS = NO;
				ENABLE_STRICT_OBJC_MSGSEND = YES;
				GCC_C_LANGUAGE_STANDARD = gnu99;
				GCC_WARN_64_TO_32_BIT_CONVERSION = YES;
				GCC_WARN_ABOUT_RETURN_TYPE = YES_ERROR;
				GCC_WARN_UNDECLARED_SELECTOR = YES;
				GCC_WARN_UNINITIALIZED_AUTOS = YES_AGGRESSIVE;
				GCC_WARN_UNUSED_FUNCTION = YES;
				GCC_WARN_UNUSED_VARIABLE = YES;
				IPHONEOS_DEPLOYMENT_TARGET = 8.2;
				MTL_ENABLE_DEBUG_INFO = NO;
				SDKROOT = iphoneos;
				VALIDATE_PRODUCT = YES;
			};
			name = Release;
		};
		F4E27DB01AC0DFFC00C4730D /* Debug */ = {
			isa = XCBuildConfiguration;
			buildSettings = {
				ASSETCATALOG_COMPILER_APPICON_NAME = AppIcon;
				INFOPLIST_FILE = dreamCatcher/Info.plist;
				LD_RUNPATH_SEARCH_PATHS = "$(inherited) @executable_path/Frameworks";
				PRODUCT_NAME = "$(TARGET_NAME)";
			};
			name = Debug;
		};
		F4E27DB11AC0DFFC00C4730D /* Release */ = {
			isa = XCBuildConfiguration;
			buildSettings = {
				ASSETCATALOG_COMPILER_APPICON_NAME = AppIcon;
				INFOPLIST_FILE = dreamCatcher/Info.plist;
				LD_RUNPATH_SEARCH_PATHS = "$(inherited) @executable_path/Frameworks";
				PRODUCT_NAME = "$(TARGET_NAME)";
			};
			name = Release;
		};
		F4E27DB31AC0DFFC00C4730D /* Debug */ = {
			isa = XCBuildConfiguration;
			buildSettings = {
				BUNDLE_LOADER = "$(TEST_HOST)";
				FRAMEWORK_SEARCH_PATHS = (
					"$(SDKROOT)/Developer/Library/Frameworks",
					"$(inherited)",
				);
				GCC_PREPROCESSOR_DEFINITIONS = (
					"DEBUG=1",
					"$(inherited)",
				);
				INFOPLIST_FILE = dreamCatcherTests/Info.plist;
				LD_RUNPATH_SEARCH_PATHS = "$(inherited) @executable_path/Frameworks @loader_path/Frameworks";
				PRODUCT_NAME = "$(TARGET_NAME)";
				TEST_HOST = "$(BUILT_PRODUCTS_DIR)/dreamCatcher.app/dreamCatcher";
			};
			name = Debug;
		};
		F4E27DB41AC0DFFC00C4730D /* Release */ = {
			isa = XCBuildConfiguration;
			buildSettings = {
				BUNDLE_LOADER = "$(TEST_HOST)";
				FRAMEWORK_SEARCH_PATHS = (
					"$(SDKROOT)/Developer/Library/Frameworks",
					"$(inherited)",
				);
				INFOPLIST_FILE = dreamCatcherTests/Info.plist;
				LD_RUNPATH_SEARCH_PATHS = "$(inherited) @executable_path/Frameworks @loader_path/Frameworks";
				PRODUCT_NAME = "$(TARGET_NAME)";
				TEST_HOST = "$(BUILT_PRODUCTS_DIR)/dreamCatcher.app/dreamCatcher";
			};
			name = Release;
		};
/* End XCBuildConfiguration section */

/* Begin XCConfigurationList section */
		F4E27D871AC0DFFB00C4730D /* Build configuration list for PBXProject "dreamCatcher" */ = {
			isa = XCConfigurationList;
			buildConfigurations = (
				F4E27DAD1AC0DFFC00C4730D /* Debug */,
				F4E27DAE1AC0DFFC00C4730D /* Release */,
			);
			defaultConfigurationIsVisible = 0;
			defaultConfigurationName = Release;
		};
		F4E27DAF1AC0DFFC00C4730D /* Build configuration list for PBXNativeTarget "dreamCatcher" */ = {
			isa = XCConfigurationList;
			buildConfigurations = (
				F4E27DB01AC0DFFC00C4730D /* Debug */,
				F4E27DB11AC0DFFC00C4730D /* Release */,
			);
			defaultConfigurationIsVisible = 0;
			defaultConfigurationName = Release;
		};
		F4E27DB21AC0DFFC00C4730D /* Build configuration list for PBXNativeTarget "dreamCatcherTests" */ = {
			isa = XCConfigurationList;
			buildConfigurations = (
				F4E27DB31AC0DFFC00C4730D /* Debug */,
				F4E27DB41AC0DFFC00C4730D /* Release */,
			);
			defaultConfigurationIsVisible = 0;
			defaultConfigurationName = Release;
		};
/* End XCConfigurationList section */
	};
	rootObject = F4E27D841AC0DFFB00C4730D /* Project object */;
}
